// !$*UTF8*$!
{
	archiveVersion = 1;
	classes = {
	};
	objectVersion = 50;
	objects = {

/* Begin PBXBuildFile section */
		948B4F022165B62E00C8575C /* AppDelegate.swift in Sources */ = {isa = PBXBuildFile; fileRef = 948B4F012165B62E00C8575C /* AppDelegate.swift */; };
		948B4F042165B62E00C8575C /* ViewController.swift in Sources */ = {isa = PBXBuildFile; fileRef = 948B4F032165B62E00C8575C /* ViewController.swift */; };
		948B4F072165B62E00C8575C /* Main.storyboard in Resources */ = {isa = PBXBuildFile; fileRef = 948B4F052165B62E00C8575C /* Main.storyboard */; };
		948B4F092165B63000C8575C /* Assets.xcassets in Resources */ = {isa = PBXBuildFile; fileRef = 948B4F082165B63000C8575C /* Assets.xcassets */; };
		948B4F0C2165B63000C8575C /* LaunchScreen.storyboard in Resources */ = {isa = PBXBuildFile; fileRef = 948B4F0A2165B63000C8575C /* LaunchScreen.storyboard */; };
		948B4F172165B63000C8575C /* Parse_ChatTests.swift in Sources */ = {isa = PBXBuildFile; fileRef = 948B4F162165B63000C8575C /* Parse_ChatTests.swift */; };
		948B4F222165B63100C8575C /* Parse_ChatUITests.swift in Sources */ = {isa = PBXBuildFile; fileRef = 948B4F212165B63100C8575C /* Parse_ChatUITests.swift */; };
		ACC12EC232904049A9C13C20 /* Pods_Parse_ChatUITests.framework in Frameworks */ = {isa = PBXBuildFile; fileRef = BFE331041FD7BAA8FFA65F8E /* Pods_Parse_ChatUITests.framework */; };
		E611FE29701D4CF58A736365 /* Pods_Parse_Chat.framework in Frameworks */ = {isa = PBXBuildFile; fileRef = 8A6C25C4208C435B5417A667 /* Pods_Parse_Chat.framework */; };
		F644CBDF3FE145C4F099D68A /* Pods_Parse_ChatTests.framework in Frameworks */ = {isa = PBXBuildFile; fileRef = 8AB1FECD230F3BBF259F5640 /* Pods_Parse_ChatTests.framework */; };
/* End PBXBuildFile section */

/* Begin PBXContainerItemProxy section */
		948B4F132165B63000C8575C /* PBXContainerItemProxy */ = {
			isa = PBXContainerItemProxy;
			containerPortal = 948B4EF62165B62E00C8575C /* Project object */;
			proxyType = 1;
			remoteGlobalIDString = 948B4EFD2165B62E00C8575C;
			remoteInfo = Parse_Chat;
		};
		948B4F1E2165B63100C8575C /* PBXContainerItemProxy */ = {
			isa = PBXContainerItemProxy;
			containerPortal = 948B4EF62165B62E00C8575C /* Project object */;
			proxyType = 1;
			remoteGlobalIDString = 948B4EFD2165B62E00C8575C;
			remoteInfo = Parse_Chat;
		};
/* End PBXContainerItemProxy section */

/* Begin PBXFileReference section */
		1A73CFDC64E0E92A41248184 /* Pods-Parse_ChatTests.release.xcconfig */ = {isa = PBXFileReference; includeInIndex = 1; lastKnownFileType = text.xcconfig; name = "Pods-Parse_ChatTests.release.xcconfig"; path = "Pods/Target Support Files/Pods-Parse_ChatTests/Pods-Parse_ChatTests.release.xcconfig"; sourceTree = "<group>"; };
		343BB77282FA3B364DF3B09F /* Pods-Parse_ChatUITests.debug.xcconfig */ = {isa = PBXFileReference; includeInIndex = 1; lastKnownFileType = text.xcconfig; name = "Pods-Parse_ChatUITests.debug.xcconfig"; path = "Pods/Target Support Files/Pods-Parse_ChatUITests/Pods-Parse_ChatUITests.debug.xcconfig"; sourceTree = "<group>"; };
		67835C11C0164E3148CF4141 /* Pods-Parse_ChatTests.debug.xcconfig */ = {isa = PBXFileReference; includeInIndex = 1; lastKnownFileType = text.xcconfig; name = "Pods-Parse_ChatTests.debug.xcconfig"; path = "Pods/Target Support Files/Pods-Parse_ChatTests/Pods-Parse_ChatTests.debug.xcconfig"; sourceTree = "<group>"; };
		84C9BA0C5B40C5133541C08C /* Pods-Parse_Chat.debug.xcconfig */ = {isa = PBXFileReference; includeInIndex = 1; lastKnownFileType = text.xcconfig; name = "Pods-Parse_Chat.debug.xcconfig"; path = "Pods/Target Support Files/Pods-Parse_Chat/Pods-Parse_Chat.debug.xcconfig"; sourceTree = "<group>"; };
		890B143C3E079B758C9F4842 /* Pods-Parse_Chat.release.xcconfig */ = {isa = PBXFileReference; includeInIndex = 1; lastKnownFileType = text.xcconfig; name = "Pods-Parse_Chat.release.xcconfig"; path = "Pods/Target Support Files/Pods-Parse_Chat/Pods-Parse_Chat.release.xcconfig"; sourceTree = "<group>"; };
		8A6C25C4208C435B5417A667 /* Pods_Parse_Chat.framework */ = {isa = PBXFileReference; explicitFileType = wrapper.framework; includeInIndex = 0; path = Pods_Parse_Chat.framework; sourceTree = BUILT_PRODUCTS_DIR; };
		8AB1FECD230F3BBF259F5640 /* Pods_Parse_ChatTests.framework */ = {isa = PBXFileReference; explicitFileType = wrapper.framework; includeInIndex = 0; path = Pods_Parse_ChatTests.framework; sourceTree = BUILT_PRODUCTS_DIR; };
		948B4EFE2165B62E00C8575C /* Parse_Chat.app */ = {isa = PBXFileReference; explicitFileType = wrapper.application; includeInIndex = 0; path = Parse_Chat.app; sourceTree = BUILT_PRODUCTS_DIR; };
		948B4F012165B62E00C8575C /* AppDelegate.swift */ = {isa = PBXFileReference; lastKnownFileType = sourcecode.swift; path = AppDelegate.swift; sourceTree = "<group>"; };
		948B4F032165B62E00C8575C /* ViewController.swift */ = {isa = PBXFileReference; lastKnownFileType = sourcecode.swift; path = ViewController.swift; sourceTree = "<group>"; };
		948B4F062165B62E00C8575C /* Base */ = {isa = PBXFileReference; lastKnownFileType = file.storyboard; name = Base; path = Base.lproj/Main.storyboard; sourceTree = "<group>"; };
		948B4F082165B63000C8575C /* Assets.xcassets */ = {isa = PBXFileReference; lastKnownFileType = folder.assetcatalog; path = Assets.xcassets; sourceTree = "<group>"; };
		948B4F0B2165B63000C8575C /* Base */ = {isa = PBXFileReference; lastKnownFileType = file.storyboard; name = Base; path = Base.lproj/LaunchScreen.storyboard; sourceTree = "<group>"; };
		948B4F0D2165B63000C8575C /* Info.plist */ = {isa = PBXFileReference; lastKnownFileType = text.plist.xml; path = Info.plist; sourceTree = "<group>"; };
		948B4F122165B63000C8575C /* Parse_ChatTests.xctest */ = {isa = PBXFileReference; explicitFileType = wrapper.cfbundle; includeInIndex = 0; path = Parse_ChatTests.xctest; sourceTree = BUILT_PRODUCTS_DIR; };
		948B4F162165B63000C8575C /* Parse_ChatTests.swift */ = {isa = PBXFileReference; lastKnownFileType = sourcecode.swift; path = Parse_ChatTests.swift; sourceTree = "<group>"; };
		948B4F182165B63100C8575C /* Info.plist */ = {isa = PBXFileReference; lastKnownFileType = text.plist.xml; path = Info.plist; sourceTree = "<group>"; };
		948B4F1D2165B63100C8575C /* Parse_ChatUITests.xctest */ = {isa = PBXFileReference; explicitFileType = wrapper.cfbundle; includeInIndex = 0; path = Parse_ChatUITests.xctest; sourceTree = BUILT_PRODUCTS_DIR; };
		948B4F212165B63100C8575C /* Parse_ChatUITests.swift */ = {isa = PBXFileReference; lastKnownFileType = sourcecode.swift; path = Parse_ChatUITests.swift; sourceTree = "<group>"; };
		948B4F232165B63100C8575C /* Info.plist */ = {isa = PBXFileReference; lastKnownFileType = text.plist.xml; path = Info.plist; sourceTree = "<group>"; };
		A9438AF4EB0A4658A5B94DF0 /* Pods-Parse_ChatUITests.release.xcconfig */ = {isa = PBXFileReference; includeInIndex = 1; lastKnownFileType = text.xcconfig; name = "Pods-Parse_ChatUITests.release.xcconfig"; path = "Pods/Target Support Files/Pods-Parse_ChatUITests/Pods-Parse_ChatUITests.release.xcconfig"; sourceTree = "<group>"; };
		BFE331041FD7BAA8FFA65F8E /* Pods_Parse_ChatUITests.framework */ = {isa = PBXFileReference; explicitFileType = wrapper.framework; includeInIndex = 0; path = Pods_Parse_ChatUITests.framework; sourceTree = BUILT_PRODUCTS_DIR; };
/* End PBXFileReference section */

/* Begin PBXFrameworksBuildPhase section */
		948B4EFB2165B62E00C8575C /* Frameworks */ = {
			isa = PBXFrameworksBuildPhase;
			buildActionMask = 2147483647;
			files = (
				E611FE29701D4CF58A736365 /* Pods_Parse_Chat.framework in Frameworks */,
			);
			runOnlyForDeploymentPostprocessing = 0;
		};
		948B4F0F2165B63000C8575C /* Frameworks */ = {
			isa = PBXFrameworksBuildPhase;
			buildActionMask = 2147483647;
			files = (
				F644CBDF3FE145C4F099D68A /* Pods_Parse_ChatTests.framework in Frameworks */,
			);
			runOnlyForDeploymentPostprocessing = 0;
		};
		948B4F1A2165B63100C8575C /* Frameworks */ = {
			isa = PBXFrameworksBuildPhase;
			buildActionMask = 2147483647;
			files = (
				ACC12EC232904049A9C13C20 /* Pods_Parse_ChatUITests.framework in Frameworks */,
			);
			runOnlyForDeploymentPostprocessing = 0;
		};
/* End PBXFrameworksBuildPhase section */

/* Begin PBXGroup section */
		50C2F440FBF1547E9EAE7DEC /* Pods */ = {
			isa = PBXGroup;
			children = (
				84C9BA0C5B40C5133541C08C /* Pods-Parse_Chat.debug.xcconfig */,
				890B143C3E079B758C9F4842 /* Pods-Parse_Chat.release.xcconfig */,
				67835C11C0164E3148CF4141 /* Pods-Parse_ChatTests.debug.xcconfig */,
				1A73CFDC64E0E92A41248184 /* Pods-Parse_ChatTests.release.xcconfig */,
				343BB77282FA3B364DF3B09F /* Pods-Parse_ChatUITests.debug.xcconfig */,
				A9438AF4EB0A4658A5B94DF0 /* Pods-Parse_ChatUITests.release.xcconfig */,
			);
			name = Pods;
			sourceTree = "<group>";
		};
		948B4EF52165B62E00C8575C = {
			isa = PBXGroup;
			children = (
				948B4F002165B62E00C8575C /* Parse_Chat */,
				948B4F152165B63000C8575C /* Parse_ChatTests */,
				948B4F202165B63100C8575C /* Parse_ChatUITests */,
				948B4EFF2165B62E00C8575C /* Products */,
				50C2F440FBF1547E9EAE7DEC /* Pods */,
				B664B6CF0984F49B9135EBE8 /* Frameworks */,
			);
			sourceTree = "<group>";
		};
		948B4EFF2165B62E00C8575C /* Products */ = {
			isa = PBXGroup;
			children = (
				948B4EFE2165B62E00C8575C /* Parse_Chat.app */,
				948B4F122165B63000C8575C /* Parse_ChatTests.xctest */,
				948B4F1D2165B63100C8575C /* Parse_ChatUITests.xctest */,
			);
			name = Products;
			sourceTree = "<group>";
		};
		948B4F002165B62E00C8575C /* Parse_Chat */ = {
			isa = PBXGroup;
			children = (
				948B4F012165B62E00C8575C /* AppDelegate.swift */,
				948B4F032165B62E00C8575C /* ViewController.swift */,
				948B4F052165B62E00C8575C /* Main.storyboard */,
				948B4F082165B63000C8575C /* Assets.xcassets */,
				948B4F0A2165B63000C8575C /* LaunchScreen.storyboard */,
				948B4F0D2165B63000C8575C /* Info.plist */,
			);
			path = Parse_Chat;
			sourceTree = "<group>";
		};
		948B4F152165B63000C8575C /* Parse_ChatTests */ = {
			isa = PBXGroup;
			children = (
				948B4F162165B63000C8575C /* Parse_ChatTests.swift */,
				948B4F182165B63100C8575C /* Info.plist */,
			);
			path = Parse_ChatTests;
			sourceTree = "<group>";
		};
		948B4F202165B63100C8575C /* Parse_ChatUITests */ = {
			isa = PBXGroup;
			children = (
				948B4F212165B63100C8575C /* Parse_ChatUITests.swift */,
				948B4F232165B63100C8575C /* Info.plist */,
			);
			path = Parse_ChatUITests;
			sourceTree = "<group>";
		};
		B664B6CF0984F49B9135EBE8 /* Frameworks */ = {
			isa = PBXGroup;
			children = (
				8A6C25C4208C435B5417A667 /* Pods_Parse_Chat.framework */,
				8AB1FECD230F3BBF259F5640 /* Pods_Parse_ChatTests.framework */,
				BFE331041FD7BAA8FFA65F8E /* Pods_Parse_ChatUITests.framework */,
			);
			name = Frameworks;
			sourceTree = "<group>";
		};
/* End PBXGroup section */

/* Begin PBXNativeTarget section */
		948B4EFD2165B62E00C8575C /* Parse_Chat */ = {
			isa = PBXNativeTarget;
			buildConfigurationList = 948B4F262165B63100C8575C /* Build configuration list for PBXNativeTarget "Parse_Chat" */;
			buildPhases = (
				E666DD1C2BB824F56849A73F /* [CP] Check Pods Manifest.lock */,
				948B4EFA2165B62E00C8575C /* Sources */,
				948B4EFB2165B62E00C8575C /* Frameworks */,
				948B4EFC2165B62E00C8575C /* Resources */,
				E8A46D29C0F8F908649514DA /* [CP] Embed Pods Frameworks */,
			);
			buildRules = (
			);
			dependencies = (
			);
			name = Parse_Chat;
			productName = Parse_Chat;
			productReference = 948B4EFE2165B62E00C8575C /* Parse_Chat.app */;
			productType = "com.apple.product-type.application";
		};
		948B4F112165B63000C8575C /* Parse_ChatTests */ = {
			isa = PBXNativeTarget;
			buildConfigurationList = 948B4F292165B63100C8575C /* Build configuration list for PBXNativeTarget "Parse_ChatTests" */;
			buildPhases = (
				54CF21949A63AAA87EAAFC55 /* [CP] Check Pods Manifest.lock */,
				948B4F0E2165B63000C8575C /* Sources */,
				948B4F0F2165B63000C8575C /* Frameworks */,
				948B4F102165B63000C8575C /* Resources */,
			);
			buildRules = (
			);
			dependencies = (
				948B4F142165B63000C8575C /* PBXTargetDependency */,
			);
			name = Parse_ChatTests;
			productName = Parse_ChatTests;
			productReference = 948B4F122165B63000C8575C /* Parse_ChatTests.xctest */;
			productType = "com.apple.product-type.bundle.unit-test";
		};
		948B4F1C2165B63100C8575C /* Parse_ChatUITests */ = {
			isa = PBXNativeTarget;
			buildConfigurationList = 948B4F2C2165B63100C8575C /* Build configuration list for PBXNativeTarget "Parse_ChatUITests" */;
			buildPhases = (
				8EC05BA633E3FD0768BACE8D /* [CP] Check Pods Manifest.lock */,
				948B4F192165B63100C8575C /* Sources */,
				948B4F1A2165B63100C8575C /* Frameworks */,
				948B4F1B2165B63100C8575C /* Resources */,
			);
			buildRules = (
			);
			dependencies = (
				948B4F1F2165B63100C8575C /* PBXTargetDependency */,
			);
			name = Parse_ChatUITests;
			productName = Parse_ChatUITests;
			productReference = 948B4F1D2165B63100C8575C /* Parse_ChatUITests.xctest */;
			productType = "com.apple.product-type.bundle.ui-testing";
		};
/* End PBXNativeTarget section */

/* Begin PBXProject section */
		948B4EF62165B62E00C8575C /* Project object */ = {
			isa = PBXProject;
			attributes = {
				LastSwiftUpdateCheck = 0940;
				LastUpgradeCheck = 0940;
				ORGANIZATIONNAME = "Kerry LEVEILLE";
				TargetAttributes = {
					948B4EFD2165B62E00C8575C = {
						CreatedOnToolsVersion = 9.4.1;
					};
					948B4F112165B63000C8575C = {
						CreatedOnToolsVersion = 9.4.1;
						TestTargetID = 948B4EFD2165B62E00C8575C;
					};
					948B4F1C2165B63100C8575C = {
						CreatedOnToolsVersion = 9.4.1;
						TestTargetID = 948B4EFD2165B62E00C8575C;
					};
				};
			};
			buildConfigurationList = 948B4EF92165B62E00C8575C /* Build configuration list for PBXProject "Parse_Chat" */;
			compatibilityVersion = "Xcode 9.3";
			developmentRegion = en;
			hasScannedForEncodings = 0;
			knownRegions = (
				en,
				Base,
			);
			mainGroup = 948B4EF52165B62E00C8575C;
			productRefGroup = 948B4EFF2165B62E00C8575C /* Products */;
			projectDirPath = "";
			projectRoot = "";
			targets = (
				948B4EFD2165B62E00C8575C /* Parse_Chat */,
				948B4F112165B63000C8575C /* Parse_ChatTests */,
				948B4F1C2165B63100C8575C /* Parse_ChatUITests */,
			);
		};
/* End PBXProject section */

/* Begin PBXResourcesBuildPhase section */
		948B4EFC2165B62E00C8575C /* Resources */ = {
			isa = PBXResourcesBuildPhase;
			buildActionMask = 2147483647;
			files = (
				948B4F0C2165B63000C8575C /* LaunchScreen.storyboard in Resources */,
				948B4F092165B63000C8575C /* Assets.xcassets in Resources */,
				948B4F072165B62E00C8575C /* Main.storyboard in Resources */,
			);
			runOnlyForDeploymentPostprocessing = 0;
		};
		948B4F102165B63000C8575C /* Resources */ = {
			isa = PBXResourcesBuildPhase;
			buildActionMask = 2147483647;
			files = (
			);
			runOnlyForDeploymentPostprocessing = 0;
		};
		948B4F1B2165B63100C8575C /* Resources */ = {
			isa = PBXResourcesBuildPhase;
			buildActionMask = 2147483647;
			files = (
			);
			runOnlyForDeploymentPostprocessing = 0;
		};
/* End PBXResourcesBuildPhase section */

/* Begin PBXShellScriptBuildPhase section */
		54CF21949A63AAA87EAAFC55 /* [CP] Check Pods Manifest.lock */ = {
			isa = PBXShellScriptBuildPhase;
			buildActionMask = 2147483647;
			files = (
			);
			inputFileListPaths = (
			);
			inputPaths = (
				"${PODS_PODFILE_DIR_PATH}/Podfile.lock",
				"${PODS_ROOT}/Manifest.lock",
			);
			name = "[CP] Check Pods Manifest.lock";
			outputFileListPaths = (
			);
			outputPaths = (
				"$(DERIVED_FILE_DIR)/Pods-Parse_ChatTests-checkManifestLockResult.txt",
			);
			runOnlyForDeploymentPostprocessing = 0;
			shellPath = /bin/sh;
			shellScript = "diff \"${PODS_PODFILE_DIR_PATH}/Podfile.lock\" \"${PODS_ROOT}/Manifest.lock\" > /dev/null\nif [ $? != 0 ] ; then\n    # print error to STDERR\n    echo \"error: The sandbox is not in sync with the Podfile.lock. Run 'pod install' or update your CocoaPods installation.\" >&2\n    exit 1\nfi\n# This output is used by Xcode 'outputs' to avoid re-running this script phase.\necho \"SUCCESS\" > \"${SCRIPT_OUTPUT_FILE_0}\"\n";
			showEnvVarsInLog = 0;
		};
		8EC05BA633E3FD0768BACE8D /* [CP] Check Pods Manifest.lock */ = {
			isa = PBXShellScriptBuildPhase;
			buildActionMask = 2147483647;
			files = (
			);
			inputFileListPaths = (
			);
			inputPaths = (
				"${PODS_PODFILE_DIR_PATH}/Podfile.lock",
				"${PODS_ROOT}/Manifest.lock",
			);
			name = "[CP] Check Pods Manifest.lock";
			outputFileListPaths = (
			);
			outputPaths = (
				"$(DERIVED_FILE_DIR)/Pods-Parse_ChatUITests-checkManifestLockResult.txt",
			);
			runOnlyForDeploymentPostprocessing = 0;
			shellPath = /bin/sh;
			shellScript = "diff \"${PODS_PODFILE_DIR_PATH}/Podfile.lock\" \"${PODS_ROOT}/Manifest.lock\" > /dev/null\nif [ $? != 0 ] ; then\n    # print error to STDERR\n    echo \"error: The sandbox is not in sync with the Podfile.lock. Run 'pod install' or update your CocoaPods installation.\" >&2\n    exit 1\nfi\n# This output is used by Xcode 'outputs' to avoid re-running this script phase.\necho \"SUCCESS\" > \"${SCRIPT_OUTPUT_FILE_0}\"\n";
			showEnvVarsInLog = 0;
		};
		E666DD1C2BB824F56849A73F /* [CP] Check Pods Manifest.lock */ = {
			isa = PBXShellScriptBuildPhase;
			buildActionMask = 2147483647;
			files = (
			);
			inputFileListPaths = (
			);
			inputPaths = (
				"${PODS_PODFILE_DIR_PATH}/Podfile.lock",
				"${PODS_ROOT}/Manifest.lock",
			);
			name = "[CP] Check Pods Manifest.lock";
			outputFileListPaths = (
			);
			outputPaths = (
				"$(DERIVED_FILE_DIR)/Pods-Parse_Chat-checkManifestLockResult.txt",
			);
			runOnlyForDeploymentPostprocessing = 0;
			shellPath = /bin/sh;
			shellScript = "diff \"${PODS_PODFILE_DIR_PATH}/Podfile.lock\" \"${PODS_ROOT}/Manifest.lock\" > /dev/null\nif [ $? != 0 ] ; then\n    # print error to STDERR\n    echo \"error: The sandbox is not in sync with the Podfile.lock. Run 'pod install' or update your CocoaPods installation.\" >&2\n    exit 1\nfi\n# This output is used by Xcode 'outputs' to avoid re-running this script phase.\necho \"SUCCESS\" > \"${SCRIPT_OUTPUT_FILE_0}\"\n";
			showEnvVarsInLog = 0;
		};
		E8A46D29C0F8F908649514DA /* [CP] Embed Pods Frameworks */ = {
			isa = PBXShellScriptBuildPhase;
			buildActionMask = 2147483647;
			files = (
			);
			inputFileListPaths = (
			);
			inputPaths = (
				"${SRCROOT}/Pods/Target Support Files/Pods-Parse_Chat/Pods-Parse_Chat-frameworks.sh",
				"${BUILT_PRODUCTS_DIR}/Alamofire/Alamofire.framework",
				"${BUILT_PRODUCTS_DIR}/AlamofireImage/AlamofireImage.framework",
				"${BUILT_PRODUCTS_DIR}/Bolts/Bolts.framework",
				"${BUILT_PRODUCTS_DIR}/Parse/Parse.framework",
			);
			name = "[CP] Embed Pods Frameworks";
			outputFileListPaths = (
			);
			outputPaths = (
				"${TARGET_BUILD_DIR}/${FRAMEWORKS_FOLDER_PATH}/Alamofire.framework",
				"${TARGET_BUILD_DIR}/${FRAMEWORKS_FOLDER_PATH}/AlamofireImage.framework",
				"${TARGET_BUILD_DIR}/${FRAMEWORKS_FOLDER_PATH}/Bolts.framework",
				"${TARGET_BUILD_DIR}/${FRAMEWORKS_FOLDER_PATH}/Parse.framework",
			);
			runOnlyForDeploymentPostprocessing = 0;
			shellPath = /bin/sh;
			shellScript = "\"${SRCROOT}/Pods/Target Support Files/Pods-Parse_Chat/Pods-Parse_Chat-frameworks.sh\"\n";
			showEnvVarsInLog = 0;
		};
/* End PBXShellScriptBuildPhase section */

/* Begin PBXSourcesBuildPhase section */
		948B4EFA2165B62E00C8575C /* Sources */ = {
			isa = PBXSourcesBuildPhase;
			buildActionMask = 2147483647;
			files = (
				948B4F042165B62E00C8575C /* ViewController.swift in Sources */,
				948B4F022165B62E00C8575C /* AppDelegate.swift in Sources */,
			);
			runOnlyForDeploymentPostprocessing = 0;
		};
		948B4F0E2165B63000C8575C /* Sources */ = {
			isa = PBXSourcesBuildPhase;
			buildActionMask = 2147483647;
			files = (
				948B4F172165B63000C8575C /* Parse_ChatTests.swift in Sources */,
			);
			runOnlyForDeploymentPostprocessing = 0;
		};
		948B4F192165B63100C8575C /* Sources */ = {
			isa = PBXSourcesBuildPhase;
			buildActionMask = 2147483647;
			files = (
				948B4F222165B63100C8575C /* Parse_ChatUITests.swift in Sources */,
			);
			runOnlyForDeploymentPostprocessing = 0;
		};
/* End PBXSourcesBuildPhase section */

/* Begin PBXTargetDependency section */
		948B4F142165B63000C8575C /* PBXTargetDependency */ = {
			isa = PBXTargetDependency;
			target = 948B4EFD2165B62E00C8575C /* Parse_Chat */;
			targetProxy = 948B4F132165B63000C8575C /* PBXContainerItemProxy */;
		};
		948B4F1F2165B63100C8575C /* PBXTargetDependency */ = {
			isa = PBXTargetDependency;
			target = 948B4EFD2165B62E00C8575C /* Parse_Chat */;
			targetProxy = 948B4F1E2165B63100C8575C /* PBXContainerItemProxy */;
		};
/* End PBXTargetDependency section */

/* Begin PBXVariantGroup section */
		948B4F052165B62E00C8575C /* Main.storyboard */ = {
			isa = PBXVariantGroup;
			children = (
				948B4F062165B62E00C8575C /* Base */,
			);
			name = Main.storyboard;
			sourceTree = "<group>";
		};
		948B4F0A2165B63000C8575C /* LaunchScreen.storyboard */ = {
			isa = PBXVariantGroup;
			children = (
				948B4F0B2165B63000C8575C /* Base */,
			);
			name = LaunchScreen.storyboard;
			sourceTree = "<group>";
		};
/* End PBXVariantGroup section */

/* Begin XCBuildConfiguration section */
		948B4F242165B63100C8575C /* Debug */ = {
			isa = XCBuildConfiguration;
			buildSettings = {
				ALWAYS_SEARCH_USER_PATHS = NO;
				CLANG_ANALYZER_NONNULL = YES;
				CLANG_ANALYZER_NUMBER_OBJECT_CONVERSION = YES_AGGRESSIVE;
				CLANG_CXX_LANGUAGE_STANDARD = "gnu++14";
				CLANG_CXX_LIBRARY = "libc++";
				CLANG_ENABLE_MODULES = YES;
				CLANG_ENABLE_OBJC_ARC = YES;
				CLANG_ENABLE_OBJC_WEAK = YES;
				CLANG_WARN_BLOCK_CAPTURE_AUTORELEASING = YES;
				CLANG_WARN_BOOL_CONVERSION = YES;
				CLANG_WARN_COMMA = YES;
				CLANG_WARN_CONSTANT_CONVERSION = YES;
				CLANG_WARN_DEPRECATED_OBJC_IMPLEMENTATIONS = YES;
				CLANG_WARN_DIRECT_OBJC_ISA_USAGE = YES_ERROR;
				CLANG_WARN_DOCUMENTATION_COMMENTS = YES;
				CLANG_WARN_EMPTY_BODY = YES;
				CLANG_WARN_ENUM_CONVERSION = YES;
				CLANG_WARN_INFINITE_RECURSION = YES;
				CLANG_WARN_INT_CONVERSION = YES;
				CLANG_WARN_NON_LITERAL_NULL_CONVERSION = YES;
				CLANG_WARN_OBJC_IMPLICIT_RETAIN_SELF = YES;
				CLANG_WARN_OBJC_LITERAL_CONVERSION = YES;
				CLANG_WARN_OBJC_ROOT_CLASS = YES_ERROR;
				CLANG_WARN_RANGE_LOOP_ANALYSIS = YES;
				CLANG_WARN_STRICT_PROTOTYPES = YES;
				CLANG_WARN_SUSPICIOUS_MOVE = YES;
				CLANG_WARN_UNGUARDED_AVAILABILITY = YES_AGGRESSIVE;
				CLANG_WARN_UNREACHABLE_CODE = YES;
				CLANG_WARN__DUPLICATE_METHOD_MATCH = YES;
				CODE_SIGN_IDENTITY = "iPhone Developer";
				COPY_PHASE_STRIP = NO;
				DEBUG_INFORMATION_FORMAT = dwarf;
				ENABLE_STRICT_OBJC_MSGSEND = YES;
				ENABLE_TESTABILITY = YES;
				GCC_C_LANGUAGE_STANDARD = gnu11;
				GCC_DYNAMIC_NO_PIC = NO;
				GCC_NO_COMMON_BLOCKS = YES;
				GCC_OPTIMIZATION_LEVEL = 0;
				GCC_PREPROCESSOR_DEFINITIONS = (
					"DEBUG=1",
					"$(inherited)",
				);
				GCC_WARN_64_TO_32_BIT_CONVERSION = YES;
				GCC_WARN_ABOUT_RETURN_TYPE = YES_ERROR;
				GCC_WARN_UNDECLARED_SELECTOR = YES;
				GCC_WARN_UNINITIALIZED_AUTOS = YES_AGGRESSIVE;
				GCC_WARN_UNUSED_FUNCTION = YES;
				GCC_WARN_UNUSED_VARIABLE = YES;
				IPHONEOS_DEPLOYMENT_TARGET = 11.4;
				MTL_ENABLE_DEBUG_INFO = YES;
				ONLY_ACTIVE_ARCH = YES;
				SDKROOT = iphoneos;
				SWIFT_ACTIVE_COMPILATION_CONDITIONS = DEBUG;
				SWIFT_OPTIMIZATION_LEVEL = "-Onone";
			};
			name = Debug;
		};
		948B4F252165B63100C8575C /* Release */ = {
			isa = XCBuildConfiguration;
			buildSettings = {
				ALWAYS_SEARCH_USER_PATHS = NO;
				CLANG_ANALYZER_NONNULL = YES;
				CLANG_ANALYZER_NUMBER_OBJECT_CONVERSION = YES_AGGRESSIVE;
				CLANG_CXX_LANGUAGE_STANDARD = "gnu++14";
				CLANG_CXX_LIBRARY = "libc++";
				CLANG_ENABLE_MODULES = YES;
				CLANG_ENABLE_OBJC_ARC = YES;
				CLANG_ENABLE_OBJC_WEAK = YES;
				CLANG_WARN_BLOCK_CAPTURE_AUTORELEASING = YES;
				CLANG_WARN_BOOL_CONVERSION = YES;
				CLANG_WARN_COMMA = YES;
				CLANG_WARN_CONSTANT_CONVERSION = YES;
				CLANG_WARN_DEPRECATED_OBJC_IMPLEMENTATIONS = YES;
				CLANG_WARN_DIRECT_OBJC_ISA_USAGE = YES_ERROR;
				CLANG_WARN_DOCUMENTATION_COMMENTS = YES;
				CLANG_WARN_EMPTY_BODY = YES;
				CLANG_WARN_ENUM_CONVERSION = YES;
				CLANG_WARN_INFINITE_RECURSION = YES;
				CLANG_WARN_INT_CONVERSION = YES;
				CLANG_WARN_NON_LITERAL_NULL_CONVERSION = YES;
				CLANG_WARN_OBJC_IMPLICIT_RETAIN_SELF = YES;
				CLANG_WARN_OBJC_LITERAL_CONVERSION = YES;
				CLANG_WARN_OBJC_ROOT_CLASS = YES_ERROR;
				CLANG_WARN_RANGE_LOOP_ANALYSIS = YES;
				CLANG_WARN_STRICT_PROTOTYPES = YES;
				CLANG_WARN_SUSPICIOUS_MOVE = YES;
				CLANG_WARN_UNGUARDED_AVAILABILITY = YES_AGGRESSIVE;
				CLANG_WARN_UNREACHABLE_CODE = YES;
				CLANG_WARN__DUPLICATE_METHOD_MATCH = YES;
				CODE_SIGN_IDENTITY = "iPhone Developer";
				COPY_PHASE_STRIP = NO;
				DEBUG_INFORMATION_FORMAT = "dwarf-with-dsym";
				ENABLE_NS_ASSERTIONS = NO;
				ENABLE_STRICT_OBJC_MSGSEND = YES;
				GCC_C_LANGUAGE_STANDARD = gnu11;
				GCC_NO_COMMON_BLOCKS = YES;
				GCC_WARN_64_TO_32_BIT_CONVERSION = YES;
				GCC_WARN_ABOUT_RETURN_TYPE = YES_ERROR;
				GCC_WARN_UNDECLARED_SELECTOR = YES;
				GCC_WARN_UNINITIALIZED_AUTOS = YES_AGGRESSIVE;
				GCC_WARN_UNUSED_FUNCTION = YES;
				GCC_WARN_UNUSED_VARIABLE = YES;
				IPHONEOS_DEPLOYMENT_TARGET = 11.4;
				MTL_ENABLE_DEBUG_INFO = NO;
				SDKROOT = iphoneos;
				SWIFT_COMPILATION_MODE = wholemodule;
				SWIFT_OPTIMIZATION_LEVEL = "-O";
				VALIDATE_PRODUCT = YES;
			};
			name = Release;
		};
		948B4F272165B63100C8575C /* Debug */ = {
			isa = XCBuildConfiguration;
			baseConfigurationReference = 84C9BA0C5B40C5133541C08C /* Pods-Parse_Chat.debug.xcconfig */;
			buildSettings = {
				ASSETCATALOG_COMPILER_APPICON_NAME = AppIcon;
				CODE_SIGN_STYLE = Automatic;
				INFOPLIST_FILE = Parse_Chat/Info.plist;
				LD_RUNPATH_SEARCH_PATHS = (
					"$(inherited)",
					"@executable_path/Frameworks",
				);
				PRODUCT_BUNDLE_IDENTIFIER = "Lab.Parse-Chat";
				PRODUCT_NAME = "$(TARGET_NAME)";
				SWIFT_VERSION = 4.0;
				TARGETED_DEVICE_FAMILY = "1,2";
			};
			name = Debug;
		};
		948B4F282165B63100C8575C /* Release */ = {
			isa = XCBuildConfiguration;
			baseConfigurationReference = 890B143C3E079B758C9F4842 /* Pods-Parse_Chat.release.xcconfig */;
			buildSettings = {
				ASSETCATALOG_COMPILER_APPICON_NAME = AppIcon;
				CODE_SIGN_STYLE = Automatic;
				INFOPLIST_FILE = Parse_Chat/Info.plist;
				LD_RUNPATH_SEARCH_PATHS = (
					"$(inherited)",
					"@executable_path/Frameworks",
				);
				PRODUCT_BUNDLE_IDENTIFIER = "Lab.Parse-Chat";
				PRODUCT_NAME = "$(TARGET_NAME)";
				SWIFT_VERSION = 4.0;
				TARGETED_DEVICE_FAMILY = "1,2";
			};
			name = Release;
		};
		948B4F2A2165B63100C8575C /* Debug */ = {
			isa = XCBuildConfiguration;
			baseConfigurationReference = 67835C11C0164E3148CF4141 /* Pods-Parse_ChatTests.debug.xcconfig */;
			buildSettings = {
				ALWAYS_EMBED_SWIFT_STANDARD_LIBRARIES = YES;
				BUNDLE_LOADER = "$(TEST_HOST)";
				CODE_SIGN_STYLE = Automatic;
				INFOPLIST_FILE = Parse_ChatTests/Info.plist;
				LD_RUNPATH_SEARCH_PATHS = (
					"$(inherited)",
					"@executable_path/Frameworks",
					"@loader_path/Frameworks",
				);
				PRODUCT_BUNDLE_IDENTIFIER = "Lab.Parse-ChatTests";
				PRODUCT_NAME = "$(TARGET_NAME)";
				SWIFT_VERSION = 4.0;
				TARGETED_DEVICE_FAMILY = "1,2";
				TEST_HOST = "$(BUILT_PRODUCTS_DIR)/Parse_Chat.app/Parse_Chat";
			};
			name = Debug;
		};
		948B4F2B2165B63100C8575C /* Release */ = {
			isa = XCBuildConfiguration;
			baseConfigurationReference = 1A73CFDC64E0E92A41248184 /* Pods-Parse_ChatTests.release.xcconfig */;
			buildSettings = {
				ALWAYS_EMBED_SWIFT_STANDARD_LIBRARIES = YES;
				BUNDLE_LOADER = "$(TEST_HOST)";
				CODE_SIGN_STYLE = Automatic;
				INFOPLIST_FILE = Parse_ChatTests/Info.plist;
				LD_RUNPATH_SEARCH_PATHS = (
					"$(inherited)",
					"@executable_path/Frameworks",
					"@loader_path/Frameworks",
				);
				PRODUCT_BUNDLE_IDENTIFIER = "Lab.Parse-ChatTests";
				PRODUCT_NAME = "$(TARGET_NAME)";
				SWIFT_VERSION = 4.0;
				TARGETED_DEVICE_FAMILY = "1,2";
				TEST_HOST = "$(BUILT_PRODUCTS_DIR)/Parse_Chat.app/Parse_Chat";
			};
			name = Release;
		};
		948B4F2D2165B63100C8575C /* Debug */ = {
			isa = XCBuildConfiguration;
			baseConfigurationReference = 343BB77282FA3B364DF3B09F /* Pods-Parse_ChatUITests.debug.xcconfig */;
			buildSettings = {
				ALWAYS_EMBED_SWIFT_STANDARD_LIBRARIES = YES;
				CODE_SIGN_STYLE = Automatic;
				INFOPLIST_FILE = Parse_ChatUITests/Info.plist;
				LD_RUNPATH_SEARCH_PATHS = (
					"$(inherited)",
					"@executable_path/Frameworks",
					"@loader_path/Frameworks",
				);
				PRODUCT_BUNDLE_IDENTIFIER = "Lab.Parse-ChatUITests";
				PRODUCT_NAME = "$(TARGET_NAME)";
				SWIFT_VERSION = 4.0;
				TARGETED_DEVICE_FAMILY = "1,2";
				TEST_TARGET_NAME = Parse_Chat;
			};
			name = Debug;
		};
		948B4F2E2165B63100C8575C /* Release */ = {
			isa = XCBuildConfiguration;
			baseConfigurationReference = A9438AF4EB0A4658A5B94DF0 /* Pods-Parse_ChatUITests.release.xcconfig */;
			buildSettings = {
				ALWAYS_EMBED_SWIFT_STANDARD_LIBRARIES = YES;
				CODE_SIGN_STYLE = Automatic;
				INFOPLIST_FILE = Parse_ChatUITests/Info.plist;
				LD_RUNPATH_SEARCH_PATHS = (
					"$(inherited)",
					"@executable_path/Frameworks",
					"@loader_path/Frameworks",
				);
				PRODUCT_BUNDLE_IDENTIFIER = "Lab.Parse-ChatUITests";
				PRODUCT_NAME = "$(TARGET_NAME)";
				SWIFT_VERSION = 4.0;
				TARGETED_DEVICE_FAMILY = "1,2";
				TEST_TARGET_NAME = Parse_Chat;
			};
			name = Release;
		};
/* End XCBuildConfiguration section */

/* Begin XCConfigurationList section */
		948B4EF92165B62E00C8575C /* Build configuration list for PBXProject "Parse_Chat" */ = {
			isa = XCConfigurationList;
			buildConfigurations = (
				948B4F242165B63100C8575C /* Debug */,
				948B4F252165B63100C8575C /* Release */,
			);
			defaultConfigurationIsVisible = 0;
			defaultConfigurationName = Release;
		};
		948B4F262165B63100C8575C /* Build configuration list for PBXNativeTarget "Parse_Chat" */ = {
			isa = XCConfigurationList;
			buildConfigurations = (
				948B4F272165B63100C8575C /* Debug */,
				948B4F282165B63100C8575C /* Release */,
			);
			defaultConfigurationIsVisible = 0;
			defaultConfigurationName = Release;
		};
		948B4F292165B63100C8575C /* Build configuration list for PBXNativeTarget "Parse_ChatTests" */ = {
			isa = XCConfigurationList;
			buildConfigurations = (
				948B4F2A2165B63100C8575C /* Debug */,
				948B4F2B2165B63100C8575C /* Release */,
			);
			defaultConfigurationIsVisible = 0;
			defaultConfigurationName = Release;
		};
		948B4F2C2165B63100C8575C /* Build configuration list for PBXNativeTarget "Parse_ChatUITests" */ = {
			isa = XCConfigurationList;
			buildConfigurations = (
				948B4F2D2165B63100C8575C /* Debug */,
				948B4F2E2165B63100C8575C /* Release */,
			);
			defaultConfigurationIsVisible = 0;
			defaultConfigurationName = Release;
		};
/* End XCConfigurationList section */
	};
	rootObject = 948B4EF62165B62E00C8575C /* Project object */;
}
